{
  "name": "roomcraft",
  "lockfileVersion": 3,
  "requires": true,
  "packages": {
    "": {
      "name": "roomcraft",
      "dependencies": {
        "camera-controls": "^3.1.2",
        "dxf-parser": "^1.1.2",
        "n8ao": "^2.0.1",
        "playwright": "1.56.1",
        "polygon-clipping": "^0.15.7",
        "postprocessing": "^6.39.5",
        "three": "^0.186.1",
        "three-bvh-csg": "^0.0.18",
        "three-gpu-pathtracer": "^0.0.24",
        "three-mesh-bvh": "^0.9.15",
        "xatlas-web": "^0.1.0"
      },
      "engines": {
        "node": ">=18.17"
      }
    },
    "node_modules/camera-controls": {
      "version": "3.1.2",
      "resolved": "https://registry.npmjs.org/camera-controls/-/camera-controls-3.1.2.tgz",
      "integrity": "sha512-xkxfpG2ECZ6Ww5/9+kf4mfg1VEYAoe9aDSY+IwF0UEs7qEzwy0aVRfs2grImIECs/PoBtWFrh7RXsQkwG922JA==",
      "license": "MIT",
      "engines": {
        "node": ">=22.0.0",
        "npm": ">=10.5.1"
      },
      "peerDependencies": {
        "three": ">=0.126.1"
      }
    },
    "node_modules/dxf-parser": {
      "version": "1.1.2",
      "resolved": "https://registry.npmjs.org/dxf-parser/-/dxf-parser-1.1.2.tgz",
      "integrity": "sha512-GPTumUvRkounlIazLIyJMmTWt+nlg+ksS0Hdm8jWvejmZKBTz6gvHTam76wRm4PQMma5sgKLThblQyeIJcH79Q==",
      "license": "MIT",
      "dependencies": {
        "loglevel": "^1.7.1"
      }
    },
    "node_modules/fsevents": {
      "version": "2.3.2",
      "resolved": "https://registry.npmjs.org/fsevents/-/fsevents-2.3.2.tgz",
      "integrity": "sha512-xiqMQR4xAeHTuB9uWm+fFRcIOgKBMiOBP+eXiyT7jsgVCq1bkVygt00oASowB7EdtpOHaaPgKt812P9ab+DDKA==",
      "hasInstallScript": true,
      "license": "MIT",
      "optional": true,
      "os": [
        "darwin"
      ],
      "engines": {
        "node": "^8.16.0 || ^10.6.0 || >=11.0.0"
      }
    },
    "node_modules/loglevel": {
      "version": "1.9.2",
      "resolved": "https://registry.npmjs.org/loglevel/-/loglevel-1.9.2.tgz",
      "integrity": "sha512-HgMmCqIJSAKqo68l0rS2AanEWfkxaZ5wNiEFb5ggm08lDs9Xl2KxBlX3PTcaD2chBM1gXAYf491/M2Rv8Jwayg==",
      "license": "MIT",
      "engines": {
        "node": ">= 0.6.0"
      },
      "funding": {
        "type": "tidelift",
        "url": "https://tidelift.com/funding/github/npm/loglevel"
      }
    },
    "node_modules/n8ao": {
      "version": "2.0.1",
      "resolved": "https://registry.npmjs.org/n8ao/-/n8ao-2.0.1.tgz",
      "integrity": "sha512-MoP1QKUdj4/3cKEnhFl917t0eQwWGER1l43ckz5mNOPyYWGRDGQbVoTOQz/VBvy01in6QVNG+AL6Xxx5AjZBYA==",
      "license": "ISC",
      "peerDependencies": {
        "postprocessing": ">=6.30.0",
        "three": ">=0.137"
      }
    },
    "node_modules/playwright": {
      "version": "1.56.1",
      "resolved": "https://registry.npmjs.org/playwright/-/playwright-1.56.1.tgz",
      "integrity": "sha512-aFi5B0WovBHTEvpM3DzXTUaeN6eN0qWnTkKx4NQaH4Wvcmc153PdaY2UBdSYKaGYw+UyWXSVyxDUg5DoPEttjw==",
      "license": "Apache-2.0",
      "dependencies": {
        "playwright-core": "1.56.1"
      },
      "bin": {
        "playwright": "cli.js"
      },
      "engines": {
        "node": ">=18"
      },
      "optionalDependencies": {
        "fsevents": "2.3.2"
      }
    },
    "node_modules/playwright-core": {
      "version": "1.56.1",
      "resolved": "https://registry.npmjs.org/playwright-core/-/playwright-core-1.56.1.tgz",
      "integrity": "sha512-hutraynyn31F+Bifme+Ps9Vq59hKuUCz7H1kDOcBs+2oGguKkWTU50bBWrtz34OUWmIwpBTWDxaRPXrIXkgvmQ==",
      "license": "Apache-2.0",
      "bin": {
        "playwright-core": "cli.js"
      },
      "engines": {
        "node": ">=18"
      }
    },
    "node_modules/polygon-clipping": {
      "version": "0.15.7",
      "resolved": "https://registry.npmjs.org/polygon-clipping/-/polygon-clipping-0.15.7.tgz",
      "integrity": "sha512-nhfdr83ECBg6xtqOAJab1tbksbBAOMUltN60bU+llHVOL0e5Onm1WpAXXWXVB39L8AJFssoIhEVuy/S90MmotA==",
      "license": "MIT",
      "dependencies": {
        "robust-predicates": "^3.0.2",
        "splaytree": "^3.1.0"
      }
    },
    "node_modules/postprocessing": {
      "version": "6.39.5",
      "resolved": "https://registry.npmjs.org/postprocessing/-/postprocessing-6.39.5.tgz",
      "integrity": "sha512-YmH+t74J2X1lwYjKzK/tgs9C9kqWWPB9JwZiDF5mEf4BdCEAmEFbO8lXBA7NM0/j4g+x6FgD/Tt5/kT7ogbEDA==",
      "license": "Zlib",
      "peerDependencies": {
        "three": ">= 0.168.0 < 0.187.0"
      }
    },
    "node_modules/robust-predicates": {
      "version": "3.0.3",
      "resolved": "https://registry.npmjs.org/robust-predicates/-/robust-predicates-3.0.3.tgz",
      "integrity": "sha512-NS3levdsRIUOmiJ8FZWCP7LG3QpJyrs/TE0Zpf1yvZu8cAJJ6QMW92H1c7kWpdIHo8RvmLxN/o2JXTKHp74lUA==",
      "license": "Unlicense"
    },
    "node_modules/splaytree": {
      "version": "3.2.3",
      "resolved": "https://registry.npmjs.org/splaytree/-/splaytree-3.2.3.tgz",
      "integrity": "sha512-7OXrNWzy6CK+r7Ch9OLPBDTKfB6XlWHjX4P0RU5B3IgFuWPeYN0XtRtlexGRjgbQxpfaUve6jTAwBGWuGntz/w==",
      "license": "MIT",
      "engines": {
        "node": ">=18.20 || >=20"
      }
    },
    "node_modules/three": {
      "version": "0.186.1",
      "resolved": "https://registry.npmjs.org/three/-/three-0.186.1.tgz",
      "integrity": "sha512-blFeqb49wRCSGUGj7gtpfnSGHy2lwDk94RhUmS1c/hTby70kvChbWpkJ4Pm1390LqzzvTmzgXKHPEafJwCb8jA==",
      "license": "MIT"
    },
    "node_modules/three-bvh-csg": {
      "version": "0.0.18",
      "resolved": "https://registry.npmjs.org/three-bvh-csg/-/three-bvh-csg-0.0.18.tgz",
      "integrity": "sha512-M3GCZMmGFgASGuDf+YMamM83nVlD/vdwzVHcYbFxgW+g1S7/nKPiuY00YVHOMbjmJPh8mLevGZL65ItHUuGt2w==",
      "license": "MIT",
      "peerDependencies": {
        "three": ">=0.179.0",
        "three-mesh-bvh": ">=0.9.7"
      }
    },
    "node_modules/three-gpu-pathtracer": {
      "version": "0.0.24",
      "resolved": "https://registry.npmjs.org/three-gpu-pathtracer/-/three-gpu-pathtracer-0.0.24.tgz",
      "integrity": "sha512-fHQ7g7ywvSwRAQywhsfech2/kspQKinfFNOcNDTJS2Q34CzcF1kpESlOVvJH8kX/bGlCnxMI+Qo16kWGAy7zCA==",
      "license": "MIT",
      "peerDependencies": {
        "three": ">=0.180.0",
        "three-mesh-bvh": ">=0.7.4",
        "xatlas-web": "^0.1.0"
      }
    },
    "node_modules/three-mesh-bvh": {
      "version": "0.9.15",
      "resolved": "https://registry.npmjs.org/three-mesh-bvh/-/three-mesh-bvh-0.9.15.tgz",
      "integrity": "sha512-9xdEDkCzFoT8VPFH9DznwFSdbaIEjMvM106Iqq7TJurrIheUKDcdW4prfJTCxryih4XS/UxWs0H3K4MLMRFyOQ==",
      "license": "MIT",
      "peerDependencies": {
        "three": ">= 0.159.0"
      }
    },
    "node_modules/xatlas-web": {
      "version": "0.1.0",
      "resolved": "https://registry.npmjs.org/xatlas-web/-/xatlas-web-0.1.0.tgz",
      "integrity": "sha512-PprVfuXbaIskxLTLBUQRaWfgSy9xUQqAMIRooOw0P6NYqwgh6T0voeer6+Z5M7AFt5SGXUybuww/uDGs1yw8vQ==",
      "license": "MIT"
    }
  }
}
